// !$*UTF8*$!
{
	archiveVersion = 1;
	classes = {
	};
	objectVersion = 50;
	objects = {

/* Begin PBXBuildFile section */
		71037A992563D1BD00EE1DD6 /* AppDelegate.swift in Sources */ = {isa = PBXBuildFile; fileRef = 71037A982563D1BD00EE1DD6 /* AppDelegate.swift */; };
		71037A9B2563D1BD00EE1DD6 /* SceneDelegate.swift in Sources */ = {isa = PBXBuildFile; fileRef = 71037A9A2563D1BD00EE1DD6 /* SceneDelegate.swift */; };
		71037A9D2563D1BD00EE1DD6 /* ViewController.swift in Sources */ = {isa = PBXBuildFile; fileRef = 71037A9C2563D1BD00EE1DD6 /* ViewController.swift */; };
		71037AA02563D1BD00EE1DD6 /* Main.storyboard in Resources */ = {isa = PBXBuildFile; fileRef = 71037A9E2563D1BD00EE1DD6 /* Main.storyboard */; };
		71037AA22563D1C000EE1DD6 /* Assets.xcassets in Resources */ = {isa = PBXBuildFile; fileRef = 71037AA12563D1C000EE1DD6 /* Assets.xcassets */; };
		71037AA52563D1C000EE1DD6 /* LaunchScreen.storyboard in Resources */ = {isa = PBXBuildFile; fileRef = 71037AA32563D1C000EE1DD6 /* LaunchScreen.storyboard */; };
		71037AB02563D1C100EE1DD6 /* coffeeTests.swift in Sources */ = {isa = PBXBuildFile; fileRef = 71037AAF2563D1C100EE1DD6 /* coffeeTests.swift */; };
		71037ABB2563D1C100EE1DD6 /* coffeeUITests.swift in Sources */ = {isa = PBXBuildFile; fileRef = 71037ABA2563D1C100EE1DD6 /* coffeeUITests.swift */; };
/* End PBXBuildFile section */

/* Begin PBXContainerItemProxy section */
		71037AAC2563D1C100EE1DD6 /* PBXContainerItemProxy */ = {
			isa = PBXContainerItemProxy;
			containerPortal = 71037A8D2563D1BD00EE1DD6 /* Project object */;
			proxyType = 1;
			remoteGlobalIDString = 71037A942563D1BD00EE1DD6;
			remoteInfo = coffee;
		};
		71037AB72563D1C100EE1DD6 /* PBXContainerItemProxy */ = {
			isa = PBXContainerItemProxy;
			containerPortal = 71037A8D2563D1BD00EE1DD6 /* Project object */;
			proxyType = 1;
			remoteGlobalIDString = 71037A942563D1BD00EE1DD6;
			remoteInfo = coffee;
		};
/* End PBXContainerItemProxy section */

/* Begin PBXFileReference section */
		71037A952563D1BD00EE1DD6 /* coffee.app */ = {isa = PBXFileReference; explicitFileType = wrapper.application; includeInIndex = 0; path = coffee.app; sourceTree = BUILT_PRODUCTS_DIR; };
		71037A982563D1BD00EE1DD6 /* AppDelegate.swift */ = {isa = PBXFileReference; lastKnownFileType = sourcecode.swift; path = AppDelegate.swift; sourceTree = "<group>"; };
		71037A9A2563D1BD00EE1DD6 /* SceneDelegate.swift */ = {isa = PBXFileReference; lastKnownFileType = sourcecode.swift; path = SceneDelegate.swift; sourceTree = "<group>"; };
		71037A9C2563D1BD00EE1DD6 /* ViewController.swift */ = {isa = PBXFileReference; lastKnownFileType = sourcecode.swift; path = ViewController.swift; sourceTree = "<group>"; };
		71037A9F2563D1BD00EE1DD6 /* Base */ = {isa = PBXFileReference; lastKnownFileType = file.storyboard; name = Base; path = Base.lproj/Main.storyboard; sourceTree = "<group>"; };
		71037AA12563D1C000EE1DD6 /* Assets.xcassets */ = {isa = PBXFileReference; lastKnownFileType = folder.assetcatalog; path = Assets.xcassets; sourceTree = "<group>"; };
		71037AA42563D1C000EE1DD6 /* Base */ = {isa = PBXFileReference; lastKnownFileType = file.storyboard; name = Base; path = Base.lproj/LaunchScreen.storyboard; sourceTree = "<group>"; };
		71037AA62563D1C000EE1DD6 /* Info.plist */ = {isa = PBXFileReference; lastKnownFileType = text.plist.xml; path = Info.plist; sourceTree = "<group>"; };
		71037AAB2563D1C100EE1DD6 /* coffeeTests.xctest */ = {isa = PBXFileReference; explicitFileType = wrapper.cfbundle; includeInIndex = 0; path = coffeeTests.xctest; sourceTree = BUILT_PRODUCTS_DIR; };
		71037AAF2563D1C100EE1DD6 /* coffeeTests.swift */ = {isa = PBXFileReference; lastKnownFileType = sourcecode.swift; path = coffeeTests.swift; sourceTree = "<group>"; };
		71037AB12563D1C100EE1DD6 /* Info.plist */ = {isa = PBXFileReference; lastKnownFileType = text.plist.xml; path = Info.plist; sourceTree = "<group>"; };
		71037AB62563D1C100EE1DD6 /* coffeeUITests.xctest */ = {isa = PBXFileReference; explicitFileType = wrapper.cfbundle; includeInIndex = 0; path = coffeeUITests.xctest; sourceTree = BUILT_PRODUCTS_DIR; };
		71037ABA2563D1C100EE1DD6 /* coffeeUITests.swift */ = {isa = PBXFileReference; lastKnownFileType = sourcecode.swift; path = coffeeUITests.swift; sourceTree = "<group>"; };
		71037ABC2563D1C100EE1DD6 /* Info.plist */ = {isa = PBXFileReference; lastKnownFileType = text.plist.xml; path = Info.plist; sourceTree = "<group>"; };
/* End PBXFileReference section */

/* Begin PBXFrameworksBuildPhase section */
		71037A922563D1BD00EE1DD6 /* Frameworks */ = {
			isa = PBXFrameworksBuildPhase;
			buildActionMask = 2147483647;
			files = (
			);
			runOnlyForDeploymentPostprocessing = 0;
		};
		71037AA82563D1C100EE1DD6 /* Frameworks */ = {
			isa = PBXFrameworksBuildPhase;
			buildActionMask = 2147483647;
			files = (
			);
			runOnlyForDeploymentPostprocessing = 0;
		};
		71037AB32563D1C100EE1DD6 /* Frameworks */ = {
			isa = PBXFrameworksBuildPhase;
			buildActionMask = 2147483647;
			files = (
			);
			runOnlyForDeploymentPostprocessing = 0;
		};
/* End PBXFrameworksBuildPhase section */

/* Begin PBXGroup section */
		71037A8C2563D1BD00EE1DD6 = {
			isa = PBXGroup;
			children = (
				71037A972563D1BD00EE1DD6 /* coffee */,
				71037AAE2563D1C100EE1DD6 /* coffeeTests */,
				71037AB92563D1C100EE1DD6 /* coffeeUITests */,
				71037A962563D1BD00EE1DD6 /* Products */,
			);
			sourceTree = "<group>";
		};
		71037A962563D1BD00EE1DD6 /* Products */ = {
			isa = PBXGroup;
			children = (
				71037A952563D1BD00EE1DD6 /* coffee.app */,
				71037AAB2563D1C100EE1DD6 /* coffeeTests.xctest */,
				71037AB62563D1C100EE1DD6 /* coffeeUITests.xctest */,
			);
			name = Products;
			sourceTree = "<group>";
		};
		71037A972563D1BD00EE1DD6 /* coffee */ = {
			isa = PBXGroup;
			children = (
				71037A982563D1BD00EE1DD6 /* AppDelegate.swift */,
				71037A9A2563D1BD00EE1DD6 /* SceneDelegate.swift */,
				71037A9C2563D1BD00EE1DD6 /* ViewController.swift */,
				71037A9E2563D1BD00EE1DD6 /* Main.storyboard */,
				71037AA12563D1C000EE1DD6 /* Assets.xcassets */,
				71037AA32563D1C000EE1DD6 /* LaunchScreen.storyboard */,
				71037AA62563D1C000EE1DD6 /* Info.plist */,
			);
			path = coffee;
			sourceTree = "<group>";
		};
		71037AAE2563D1C100EE1DD6 /* coffeeTests */ = {
			isa = PBXGroup;
			children = (
				71037AAF2563D1C100EE1DD6 /* coffeeTests.swift */,
				71037AB12563D1C100EE1DD6 /* Info.plist */,
			);
			path = coffeeTests;
			sourceTree = "<group>";
		};
		71037AB92563D1C100EE1DD6 /* coffeeUITests */ = {
			isa = PBXGroup;
			children = (
				71037ABA2563D1C100EE1DD6 /* coffeeUITests.swift */,
				71037ABC2563D1C100EE1DD6 /* Info.plist */,
			);
			path = coffeeUITests;
			sourceTree = "<group>";
		};
/* End PBXGroup section */

/* Begin PBXNativeTarget section */
		71037A942563D1BD00EE1DD6 /* coffee */ = {
			isa = PBXNativeTarget;
			buildConfigurationList = 71037ABF2563D1C100EE1DD6 /* Build configuration list for PBXNativeTarget "coffee" */;
			buildPhases = (
				71037A912563D1BD00EE1DD6 /* Sources */,
				71037A922563D1BD00EE1DD6 /* Frameworks */,
				71037A932563D1BD00EE1DD6 /* Resources */,
			);
			buildRules = (
			);
			dependencies = (
			);
			name = coffee;
			productName = coffee;
			productReference = 71037A952563D1BD00EE1DD6 /* coffee.app */;
			productType = "com.apple.product-type.application";
		};
		71037AAA2563D1C100EE1DD6 /* coffeeTests */ = {
			isa = PBXNativeTarget;
			buildConfigurationList = 71037AC22563D1C100EE1DD6 /* Build configuration list for PBXNativeTarget "coffeeTests" */;
			buildPhases = (
				71037AA72563D1C100EE1DD6 /* Sources */,
				71037AA82563D1C100EE1DD6 /* Frameworks */,
				71037AA92563D1C100EE1DD6 /* Resources */,
			);
			buildRules = (
			);
			dependencies = (
				71037AAD2563D1C100EE1DD6 /* PBXTargetDependency */,
			);
			name = coffeeTests;
			productName = coffeeTests;
			productReference = 71037AAB2563D1C100EE1DD6 /* coffeeTests.xctest */;
			productType = "com.apple.product-type.bundle.unit-test";
		};
		71037AB52563D1C100EE1DD6 /* coffeeUITests */ = {
			isa = PBXNativeTarget;
			buildConfigurationList = 71037AC52563D1C100EE1DD6 /* Build configuration list for PBXNativeTarget "coffeeUITests" */;
			buildPhases = (
				71037AB22563D1C100EE1DD6 /* Sources */,
				71037AB32563D1C100EE1DD6 /* Frameworks */,
				71037AB42563D1C100EE1DD6 /* Resources */,
			);
			buildRules = (
			);
			dependencies = (
				71037AB82563D1C100EE1DD6 /* PBXTargetDependency */,
			);
			name = coffeeUITests;
			productName = coffeeUITests;
			productReference = 71037AB62563D1C100EE1DD6 /* coffeeUITests.xctest */;
			productType = "com.apple.product-type.bundle.ui-testing";
		};
/* End PBXNativeTarget section */

/* Begin PBXProject section */
		71037A8D2563D1BD00EE1DD6 /* Project object */ = {
			isa = PBXProject;
			attributes = {
				LastSwiftUpdateCheck = 1200;
				LastUpgradeCheck = 1200;
				TargetAttributes = {
					71037A942563D1BD00EE1DD6 = {
						CreatedOnToolsVersion = 12.0.1;
					};
					71037AAA2563D1C100EE1DD6 = {
						CreatedOnToolsVersion = 12.0.1;
						TestTargetID = 71037A942563D1BD00EE1DD6;
					};
					71037AB52563D1C100EE1DD6 = {
						CreatedOnToolsVersion = 12.0.1;
						TestTargetID = 71037A942563D1BD00EE1DD6;
					};
				};
			};
			buildConfigurationList = 71037A902563D1BD00EE1DD6 /* Build configuration list for PBXProject "coffee" */;
			compatibilityVersion = "Xcode 9.3";
			developmentRegion = en;
			hasScannedForEncodings = 0;
			knownRegions = (
				en,
				Base,
			);
			mainGroup = 71037A8C2563D1BD00EE1DD6;
			productRefGroup = 71037A962563D1BD00EE1DD6 /* Products */;
			projectDirPath = "";
			projectRoot = "";
			targets = (
				71037A942563D1BD00EE1DD6 /* coffee */,
				71037AAA2563D1C100EE1DD6 /* coffeeTests */,
				71037AB52563D1C100EE1DD6 /* coffeeUITests */,
			);
		};
/* End PBXProject section */

/* Begin PBXResourcesBuildPhase section */
		71037A932563D1BD00EE1DD6 /* Resources */ = {
			isa = PBXResourcesBuildPhase;
			buildActionMask = 2147483647;
			files = (
				71037AA52563D1C000EE1DD6 /* LaunchScreen.storyboard in Resources */,
				71037AA22563D1C000EE1DD6 /* Assets.xcassets in Resources */,
				71037AA02563D1BD00EE1DD6 /* Main.storyboard in Resources */,
			);
			runOnlyForDeploymentPostprocessing = 0;
		};
		71037AA92563D1C100EE1DD6 /* Resources */ = {
			isa = PBXResourcesBuildPhase;
			buildActionMask = 2147483647;
			files = (
			);
			runOnlyForDeploymentPostprocessing = 0;
		};
		71037AB42563D1C100EE1DD6 /* Resources */ = {
			isa = PBXResourcesBuildPhase;
			buildActionMask = 2147483647;
			files = (
			);
			runOnlyForDeploymentPostprocessing = 0;
		};
/* End PBXResourcesBuildPhase section */

/* Begin PBXSourcesBuildPhase section */
		71037A912563D1BD00EE1DD6 /* Sources */ = {
			isa = PBXSourcesBuildPhase;
			buildActionMask = 2147483647;
			files = (
				71037A9D2563D1BD00EE1DD6 /* ViewController.swift in Sources */,
				71037A992563D1BD00EE1DD6 /* AppDelegate.swift in Sources */,
				71037A9B2563D1BD00EE1DD6 /* SceneDelegate.swift in Sources */,
			);
			runOnlyForDeploymentPostprocessing = 0;
		};
		71037AA72563D1C100EE1DD6 /* Sources */ = {
			isa = PBXSourcesBuildPhase;
			buildActionMask = 2147483647;
			files = (
				71037AB02563D1C100EE1DD6 /* coffeeTests.swift in Sources */,
			);
			runOnlyForDeploymentPostprocessing = 0;
		};
		71037AB22563D1C100EE1DD6 /* Sources */ = {
			isa = PBXSourcesBuildPhase;
			buildActionMask = 2147483647;
			files = (
				71037ABB2563D1C100EE1DD6 /* coffeeUITests.swift in Sources */,
			);
			runOnlyForDeploymentPostprocessing = 0;
		};
/* End PBXSourcesBuildPhase section */

/* Begin PBXTargetDependency section */
		71037AAD2563D1C100EE1DD6 /* PBXTargetDependency */ = {
			isa = PBXTargetDependency;
			target = 71037A942563D1BD00EE1DD6 /* coffee */;
			targetProxy = 71037AAC2563D1C100EE1DD6 /* PBXContainerItemProxy */;
		};
		71037AB82563D1C100EE1DD6 /* PBXTargetDependency */ = {
			isa = PBXTargetDependency;
			target = 71037A942563D1BD00EE1DD6 /* coffee */;
			targetProxy = 71037AB72563D1C100EE1DD6 /* PBXContainerItemProxy */;
		};
/* End PBXTargetDependency section */

/* Begin PBXVariantGroup section */
		71037A9E2563D1BD00EE1DD6 /* Main.storyboard */ = {
			isa = PBXVariantGroup;
			children = (
				71037A9F2563D1BD00EE1DD6 /* Base */,
			);
			name = Main.storyboard;
			sourceTree = "<group>";
		};
		71037AA32563D1C000EE1DD6 /* LaunchScreen.storyboard */ = {
			isa = PBXVariantGroup;
			children = (
				71037AA42563D1C000EE1DD6 /* Base */,
			);
			name = LaunchScreen.storyboard;
			sourceTree = "<group>";
		};
/* End PBXVariantGroup section */

/* Begin XCBuildConfiguration section */
		71037ABD2563D1C100EE1DD6 /* Debug */ = {
			isa = XCBuildConfiguration;
			buildSettings = {
				ALWAYS_SEARCH_USER_PATHS = NO;
				CLANG_ANALYZER_NONNULL = YES;
				CLANG_ANALYZER_NUMBER_OBJECT_CONVERSION = YES_AGGRESSIVE;
				CLANG_CXX_LANGUAGE_STANDARD = "gnu++14";
				CLANG_CXX_LIBRARY = "libc++";
				CLANG_ENABLE_MODULES = YES;
				CLANG_ENABLE_OBJC_ARC = YES;
				CLANG_ENABLE_OBJC_WEAK = YES;
				CLANG_WARN_BLOCK_CAPTURE_AUTORELEASING = YES;
				CLANG_WARN_BOOL_CONVERSION = YES;
				CLANG_WARN_COMMA = YES;
				CLANG_WARN_CONSTANT_CONVERSION = YES;
				CLANG_WARN_DEPRECATED_OBJC_IMPLEMENTATIONS = YES;
				CLANG_WARN_DIRECT_OBJC_ISA_USAGE = YES_ERROR;
				CLANG_WARN_DOCUMENTATION_COMMENTS = YES;
				CLANG_WARN_EMPTY_BODY = YES;
				CLANG_WARN_ENUM_CONVERSION = YES;
				CLANG_WARN_INFINITE_RECURSION = YES;
				CLANG_WARN_INT_CONVERSION = YES;
				CLANG_WARN_NON_LITERAL_NULL_CONVERSION = YES;
				CLANG_WARN_OBJC_IMPLICIT_RETAIN_SELF = YES;
				CLANG_WARN_OBJC_LITERAL_CONVERSION = YES;
				CLANG_WARN_OBJC_ROOT_CLASS = YES_ERROR;
				CLANG_WARN_QUOTED_INCLUDE_IN_FRAMEWORK_HEADER = YES;
				CLANG_WARN_RANGE_LOOP_ANALYSIS = YES;
				CLANG_WARN_STRICT_PROTOTYPES = YES;
				CLANG_WARN_SUSPICIOUS_MOVE = YES;
				CLANG_WARN_UNGUARDED_AVAILABILITY = YES_AGGRESSIVE;
				CLANG_WARN_UNREACHABLE_CODE = YES;
				CLANG_WARN__DUPLICATE_METHOD_MATCH = YES;
				COPY_PHASE_STRIP = NO;
				DEBUG_INFORMATION_FORMAT = dwarf;
				ENABLE_STRICT_OBJC_MSGSEND = YES;
				ENABLE_TESTABILITY = YES;
				GCC_C_LANGUAGE_STANDARD = gnu11;
				GCC_DYNAMIC_NO_PIC = NO;
				GCC_NO_COMMON_BLOCKS = YES;
				GCC_OPTIMIZATION_LEVEL = 0;
				GCC_PREPROCESSOR_DEFINITIONS = (
					"DEBUG=1",
					"$(inherited)",
				);
				GCC_WARN_64_TO_32_BIT_CONVERSION = YES;
				GCC_WARN_ABOUT_RETURN_TYPE = YES_ERROR;
				GCC_WARN_UNDECLARED_SELECTOR = YES;
				GCC_WARN_UNINITIALIZED_AUTOS = YES_AGGRESSIVE;
				GCC_WARN_UNUSED_FUNCTION = YES;
				GCC_WARN_UNUSED_VARIABLE = YES;
				IPHONEOS_DEPLOYMENT_TARGET = 14.0;
				MTL_ENABLE_DEBUG_INFO = INCLUDE_SOURCE;
				MTL_FAST_MATH = YES;
				ONLY_ACTIVE_ARCH = YES;
				SDKROOT = iphoneos;
				SWIFT_ACTIVE_COMPILATION_CONDITIONS = DEBUG;
				SWIFT_OPTIMIZATION_LEVEL = "-Onone";
			};
			name = Debug;
		};
		71037ABE2563D1C100EE1DD6 /* Release */ = {
			isa = XCBuildConfiguration;
			buildSettings = {
				ALWAYS_SEARCH_USER_PATHS = NO;
				CLANG_ANALYZER_NONNULL = YES;
				CLANG_ANALYZER_NUMBER_OBJECT_CONVERSION = YES_AGGRESSIVE;
				CLANG_CXX_LANGUAGE_STANDARD = "gnu++14";
				CLANG_CXX_LIBRARY = "libc++";
				CLANG_ENABLE_MODULES = YES;
				CLANG_ENABLE_OBJC_ARC = YES;
				CLANG_ENABLE_OBJC_WEAK = YES;
				CLANG_WARN_BLOCK_CAPTURE_AUTORELEASING = YES;
				CLANG_WARN_BOOL_CONVERSION = YES;
				CLANG_WARN_COMMA = YES;
				CLANG_WARN_CONSTANT_CONVERSION = YES;
				CLANG_WARN_DEPRECATED_OBJC_IMPLEMENTATIONS = YES;
				CLANG_WARN_DIRECT_OBJC_ISA_USAGE = YES_ERROR;
				CLANG_WARN_DOCUMENTATION_COMMENTS = YES;
				CLANG_WARN_EMPTY_BODY = YES;
				CLANG_WARN_ENUM_CONVERSION = YES;
				CLANG_WARN_INFINITE_RECURSION = YES;
				CLANG_WARN_INT_CONVERSION = YES;
				CLANG_WARN_NON_LITERAL_NULL_CONVERSION = YES;
				CLANG_WARN_OBJC_IMPLICIT_RETAIN_SELF = YES;
				CLANG_WARN_OBJC_LITERAL_CONVERSION = YES;
				CLANG_WARN_OBJC_ROOT_CLASS = YES_ERROR;
				CLANG_WARN_QUOTED_INCLUDE_IN_FRAMEWORK_HEADER = YES;
				CLANG_WARN_RANGE_LOOP_ANALYSIS = YES;
				CLANG_WARN_STRICT_PROTOTYPES = YES;
				CLANG_WARN_SUSPICIOUS_MOVE = YES;
				CLANG_WARN_UNGUARDED_AVAILABILITY = YES_AGGRESSIVE;
				CLANG_WARN_UNREACHABLE_CODE = YES;
				CLANG_WARN__DUPLICATE_METHOD_MATCH = YES;
				COPY_PHASE_STRIP = NO;
				DEBUG_INFORMATION_FORMAT = "dwarf-with-dsym";
				ENABLE_NS_ASSERTIONS = NO;
				ENABLE_STRICT_OBJC_MSGSEND = YES;
				GCC_C_LANGUAGE_STANDARD = gnu11;
				GCC_NO_COMMON_BLOCKS = YES;
				GCC_WARN_64_TO_32_BIT_CONVERSION = YES;
				GCC_WARN_ABOUT_RETURN_TYPE = YES_ERROR;
				GCC_WARN_UNDECLARED_SELECTOR = YES;
				GCC_WARN_UNINITIALIZED_AUTOS = YES_AGGRESSIVE;
				GCC_WARN_UNUSED_FUNCTION = YES;
				GCC_WARN_UNUSED_VARIABLE = YES;
				IPHONEOS_DEPLOYMENT_TARGET = 14.0;
				MTL_ENABLE_DEBUG_INFO = NO;
				MTL_FAST_MATH = YES;
				SDKROOT = iphoneos;
				SWIFT_COMPILATION_MODE = wholemodule;
				SWIFT_OPTIMIZATION_LEVEL = "-O";
				VALIDATE_PRODUCT = YES;
			};
			name = Release;
		};
		71037AC02563D1C100EE1DD6 /* Debug */ = {
			isa = XCBuildConfiguration;
			buildSettings = {
				ASSETCATALOG_COMPILER_APPICON_NAME = AppIcon;
				ASSETCATALOG_COMPILER_GLOBAL_ACCENT_COLOR_NAME = AccentColor;
				CODE_SIGN_STYLE = Automatic;
				INFOPLIST_FILE = coffee/Info.plist;
				LD_RUNPATH_SEARCH_PATHS = (
					"$(inherited)",
					"@executable_path/Frameworks",
				);
				PRODUCT_BUNDLE_IDENTIFIER = com.masanori.coffee;
				PRODUCT_NAME = "$(TARGET_NAME)";
				SWIFT_VERSION = 5.0;
				TARGETED_DEVICE_FAMILY = "1,2";
			};
			name = Debug;
		};
		71037AC12563D1C100EE1DD6 /* Release */ = {
			isa = XCBuildConfiguration;
			buildSettings = {
				ASSETCATALOG_COMPILER_APPICON_NAME = AppIcon;
				ASSETCATALOG_COMPILER_GLOBAL_ACCENT_COLOR_NAME = AccentColor;
				CODE_SIGN_STYLE = Automatic;
				INFOPLIST_FILE = coffee/Info.plist;
				LD_RUNPATH_SEARCH_PATHS = (
					"$(inherited)",
					"@executable_path/Frameworks",
				);
				PRODUCT_BUNDLE_IDENTIFIER = com.masanori.coffee;
				PRODUCT_NAME = "$(TARGET_NAME)";
				SWIFT_VERSION = 5.0;
				TARGETED_DEVICE_FAMILY = "1,2";
			};
			name = Release;
		};
		71037AC32563D1C100EE1DD6 /* Debug */ = {
			isa = XCBuildConfiguration;
			buildSettings = {
				ALWAYS_EMBED_SWIFT_STANDARD_LIBRARIES = YES;
				BUNDLE_LOADER = "$(TEST_HOST)";
				CODE_SIGN_STYLE = Automatic;
				INFOPLIST_FILE = coffeeTests/Info.plist;
				IPHONEOS_DEPLOYMENT_TARGET = 14.0;
				LD_RUNPATH_SEARCH_PATHS = (
					"$(inherited)",
					"@executable_path/Frameworks",
					"@loader_path/Frameworks",
				);
				PRODUCT_BUNDLE_IDENTIFIER = com.masanori.coffeeTests;
				PRODUCT_NAME = "$(TARGET_NAME)";
				SWIFT_VERSION = 5.0;
				TARGETED_DEVICE_FAMILY = "1,2";
				TEST_HOST = "$(BUILT_PRODUCTS_DIR)/coffee.app/coffee";
			};
			name = Debug;
		};
		71037AC42563D1C100EE1DD6 /* Release */ = {
			isa = XCBuildConfiguration;
			buildSettings = {
				ALWAYS_EMBED_SWIFT_STANDARD_LIBRARIES = YES;
				BUNDLE_LOADER = "$(TEST_HOST)";
				CODE_SIGN_STYLE = Automatic;
				INFOPLIST_FILE = coffeeTests/Info.plist;
				IPHONEOS_DEPLOYMENT_TARGET = 14.0;
				LD_RUNPATH_SEARCH_PATHS = (
					"$(inherited)",
					"@executable_path/Frameworks",
					"@loader_path/Frameworks",
				);
				PRODUCT_BUNDLE_IDENTIFIER = com.masanori.coffeeTests;
				PRODUCT_NAME = "$(TARGET_NAME)";
				SWIFT_VERSION = 5.0;
				TARGETED_DEVICE_FAMILY = "1,2";
				TEST_HOST = "$(BUILT_PRODUCTS_DIR)/coffee.app/coffee";
			};
			name = Release;
		};
		71037AC62563D1C100EE1DD6 /* Debug */ = {
			isa = XCBuildConfiguration;
			buildSettings = {
				ALWAYS_EMBED_SWIFT_STANDARD_LIBRARIES = YES;
				CODE_SIGN_STYLE = Automatic;
				INFOPLIST_FILE = coffeeUITests/Info.plist;
				LD_RUNPATH_SEARCH_PATHS = (
					"$(inherited)",
					"@executable_path/Frameworks",
					"@loader_path/Frameworks",
				);
				PRODUCT_BUNDLE_IDENTIFIER = com.masanori.coffeeUITests;
				PRODUCT_NAME = "$(TARGET_NAME)";
				SWIFT_VERSION = 5.0;
				TARGETED_DEVICE_FAMILY = "1,2";
				TEST_TARGET_NAME = coffee;
			};
			name = Debug;
		};
		71037AC72563D1C100EE1DD6 /* Release */ = {
			isa = XCBuildConfiguration;
			buildSettings = {
				ALWAYS_EMBED_SWIFT_STANDARD_LIBRARIES = YES;
				CODE_SIGN_STYLE = Automatic;
				INFOPLIST_FILE = coffeeUITests/Info.plist;
				LD_RUNPATH_SEARCH_PATHS = (
					"$(inherited)",
					"@executable_path/Frameworks",
					"@loader_path/Frameworks",
				);
				PRODUCT_BUNDLE_IDENTIFIER = com.masanori.coffeeUITests;
				PRODUCT_NAME = "$(TARGET_NAME)";
				SWIFT_VERSION = 5.0;
				TARGETED_DEVICE_FAMILY = "1,2";
				TEST_TARGET_NAME = coffee;
			};
			name = Release;
		};
/* End XCBuildConfiguration section */

/* Begin XCConfigurationList section */
		71037A902563D1BD00EE1DD6 /* Build configuration list for PBXProject "coffee" */ = {
			isa = XCConfigurationList;
			buildConfigurations = (
				71037ABD2563D1C100EE1DD6 /* Debug */,
				71037ABE2563D1C100EE1DD6 /* Release */,
			);
			defaultConfigurationIsVisible = 0;
			defaultConfigurationName = Release;
		};
		71037ABF2563D1C100EE1DD6 /* Build configuration list for PBXNativeTarget "coffee" */ = {
			isa = XCConfigurationList;
			buildConfigurations = (
				71037AC02563D1C100EE1DD6 /* Debug */,
				71037AC12563D1C100EE1DD6 /* Release */,
			);
			defaultConfigurationIsVisible = 0;
			defaultConfigurationName = Release;
		};
		71037AC22563D1C100EE1DD6 /* Build configuration list for PBXNativeTarget "coffeeTests" */ = {
			isa = XCConfigurationList;
			buildConfigurations = (
				71037AC32563D1C100EE1DD6 /* Debug */,
				71037AC42563D1C100EE1DD6 /* Release */,
			);
			defaultConfigurationIsVisible = 0;
			defaultConfigurationName = Release;
		};
		71037AC52563D1C100EE1DD6 /* Build configuration list for PBXNativeTarget "coffeeUITests" */ = {
			isa = XCConfigurationList;
			buildConfigurations = (
				71037AC62563D1C100EE1DD6 /* Debug */,
				71037AC72563D1C100EE1DD6 /* Release */,
			);
			defaultConfigurationIsVisible = 0;
			defaultConfigurationName = Release;
		};
/* End XCConfigurationList section */
	};
	rootObject = 71037A8D2563D1BD00EE1DD6 /* Project object */;
}
